hash: b28223cd45f11211d282d114fe05d19c124d0b462735f7b7170c956465df2010
updated: 2017-04-24T16:52:26.129922727+05:30
imports:
- name: github.com/coreos/go-oidc
  version: be73733bb8cc830d0205609b95d125215f8e9c70
- name: github.com/golang/protobuf
  version: 2bba0603135d7d7f5cb73b2125beeda19c09f4ef
  subpackages:
  - proto
- name: github.com/pquerna/cachecontrol
  version: 9299cc36e57c32f83e47ffb3c25d8a3dec10ea0b
  subpackages:
  - cacheobject
- name: golang.org/x/net
  version: d212a1ef2de2f5d441c327b8f26cf3ea3ea9f265
  subpackages:
  - context
- name: golang.org/x/oauth2
  version: a6bd8cefa1811bd24b86f8902872e4e8225f74c4
  subpackages:
  - internal
- name: google.golang.org/appengine
  version: 170382fa85b10b94728989dfcf6cc818b335c952
  subpackages:
  - internal
  - internal/base
  - internal/datastore
  - internal/log
  - internal/remote_api
  - internal/urlfetch
  - urlfetch
- name: gopkg.in/square/go-jose.v2
  version: d5683d954d08cd430460c651e2a2fff4f3b39f86
  subpackages:
  - cipher
  - json
testImports: []
